// !$*UTF8*$!
{
	archiveVersion = 1;
	classes = {
	};
	objectVersion = 46;
	objects = {

/* Begin PBXBuildFile section */
		3A726A451C1BB603002A1CB2 /* AppDelegate.swift in Sources */ = {isa = PBXBuildFile; fileRef = 3A726A441C1BB603002A1CB2 /* AppDelegate.swift */; };
		3A726A471C1BB603002A1CB2 /* ViewController.swift in Sources */ = {isa = PBXBuildFile; fileRef = 3A726A461C1BB603002A1CB2 /* ViewController.swift */; };
		3A726A4A1C1BB603002A1CB2 /* Main.storyboard in Resources */ = {isa = PBXBuildFile; fileRef = 3A726A481C1BB603002A1CB2 /* Main.storyboard */; };
		3A726A4D1C1BB603002A1CB2 /* NewsReader.xcdatamodeld in Sources */ = {isa = PBXBuildFile; fileRef = 3A726A4B1C1BB603002A1CB2 /* NewsReader.xcdatamodeld */; };
		3A726A4F1C1BB603002A1CB2 /* Assets.xcassets in Resources */ = {isa = PBXBuildFile; fileRef = 3A726A4E1C1BB603002A1CB2 /* Assets.xcassets */; };
		3A726A521C1BB603002A1CB2 /* LaunchScreen.storyboard in Resources */ = {isa = PBXBuildFile; fileRef = 3A726A501C1BB603002A1CB2 /* LaunchScreen.storyboard */; };
		3A726A5D1C1BB603002A1CB2 /* NewsReaderTests.swift in Sources */ = {isa = PBXBuildFile; fileRef = 3A726A5C1C1BB603002A1CB2 /* NewsReaderTests.swift */; };
		3A726A681C1BB603002A1CB2 /* NewsReaderUITests.swift in Sources */ = {isa = PBXBuildFile; fileRef = 3A726A671C1BB603002A1CB2 /* NewsReaderUITests.swift */; };
/* End PBXBuildFile section */

/* Begin PBXContainerItemProxy section */
		3A726A591C1BB603002A1CB2 /* PBXContainerItemProxy */ = {
			isa = PBXContainerItemProxy;
			containerPortal = 3A726A391C1BB603002A1CB2 /* Project object */;
			proxyType = 1;
			remoteGlobalIDString = 3A726A401C1BB603002A1CB2;
			remoteInfo = NewsReader;
		};
		3A726A641C1BB603002A1CB2 /* PBXContainerItemProxy */ = {
			isa = PBXContainerItemProxy;
			containerPortal = 3A726A391C1BB603002A1CB2 /* Project object */;
			proxyType = 1;
			remoteGlobalIDString = 3A726A401C1BB603002A1CB2;
			remoteInfo = NewsReader;
		};
/* End PBXContainerItemProxy section */

/* Begin PBXFileReference section */
		3A726A411C1BB603002A1CB2 /* NewsReader.app */ = {isa = PBXFileReference; explicitFileType = wrapper.application; includeInIndex = 0; path = NewsReader.app; sourceTree = BUILT_PRODUCTS_DIR; };
		3A726A441C1BB603002A1CB2 /* AppDelegate.swift */ = {isa = PBXFileReference; lastKnownFileType = sourcecode.swift; path = AppDelegate.swift; sourceTree = "<group>"; };
		3A726A461C1BB603002A1CB2 /* ViewController.swift */ = {isa = PBXFileReference; lastKnownFileType = sourcecode.swift; path = ViewController.swift; sourceTree = "<group>"; };
		3A726A491C1BB603002A1CB2 /* Base */ = {isa = PBXFileReference; lastKnownFileType = file.storyboard; name = Base; path = Base.lproj/Main.storyboard; sourceTree = "<group>"; };
		3A726A4C1C1BB603002A1CB2 /* NewsReader.xcdatamodel */ = {isa = PBXFileReference; lastKnownFileType = wrapper.xcdatamodel; path = NewsReader.xcdatamodel; sourceTree = "<group>"; };
		3A726A4E1C1BB603002A1CB2 /* Assets.xcassets */ = {isa = PBXFileReference; lastKnownFileType = folder.assetcatalog; path = Assets.xcassets; sourceTree = "<group>"; };
		3A726A511C1BB603002A1CB2 /* Base */ = {isa = PBXFileReference; lastKnownFileType = file.storyboard; name = Base; path = Base.lproj/LaunchScreen.storyboard; sourceTree = "<group>"; };
		3A726A531C1BB603002A1CB2 /* Info.plist */ = {isa = PBXFileReference; lastKnownFileType = text.plist.xml; path = Info.plist; sourceTree = "<group>"; };
		3A726A581C1BB603002A1CB2 /* NewsReaderTests.xctest */ = {isa = PBXFileReference; explicitFileType = wrapper.cfbundle; includeInIndex = 0; path = NewsReaderTests.xctest; sourceTree = BUILT_PRODUCTS_DIR; };
		3A726A5C1C1BB603002A1CB2 /* NewsReaderTests.swift */ = {isa = PBXFileReference; lastKnownFileType = sourcecode.swift; path = NewsReaderTests.swift; sourceTree = "<group>"; };
		3A726A5E1C1BB603002A1CB2 /* Info.plist */ = {isa = PBXFileReference; lastKnownFileType = text.plist.xml; path = Info.plist; sourceTree = "<group>"; };
		3A726A631C1BB603002A1CB2 /* NewsReaderUITests.xctest */ = {isa = PBXFileReference; explicitFileType = wrapper.cfbundle; includeInIndex = 0; path = NewsReaderUITests.xctest; sourceTree = BUILT_PRODUCTS_DIR; };
		3A726A671C1BB603002A1CB2 /* NewsReaderUITests.swift */ = {isa = PBXFileReference; lastKnownFileType = sourcecode.swift; path = NewsReaderUITests.swift; sourceTree = "<group>"; };
		3A726A691C1BB603002A1CB2 /* Info.plist */ = {isa = PBXFileReference; lastKnownFileType = text.plist.xml; path = Info.plist; sourceTree = "<group>"; };
/* End PBXFileReference section */

/* Begin PBXFrameworksBuildPhase section */
		3A726A3E1C1BB603002A1CB2 /* Frameworks */ = {
			isa = PBXFrameworksBuildPhase;
			buildActionMask = 2147483647;
			files = (
			);
			runOnlyForDeploymentPostprocessing = 0;
		};
		3A726A551C1BB603002A1CB2 /* Frameworks */ = {
			isa = PBXFrameworksBuildPhase;
			buildActionMask = 2147483647;
			files = (
			);
			runOnlyForDeploymentPostprocessing = 0;
		};
		3A726A601C1BB603002A1CB2 /* Frameworks */ = {
			isa = PBXFrameworksBuildPhase;
			buildActionMask = 2147483647;
			files = (
			);
			runOnlyForDeploymentPostprocessing = 0;
		};
/* End PBXFrameworksBuildPhase section */

/* Begin PBXGroup section */
		3A726A381C1BB603002A1CB2 = {
			isa = PBXGroup;
			children = (
				3A726A431C1BB603002A1CB2 /* NewsReader */,
				3A726A5B1C1BB603002A1CB2 /* NewsReaderTests */,
				3A726A661C1BB603002A1CB2 /* NewsReaderUITests */,
				3A726A421C1BB603002A1CB2 /* Products */,
			);
			sourceTree = "<group>";
		};
		3A726A421C1BB603002A1CB2 /* Products */ = {
			isa = PBXGroup;
			children = (
				3A726A411C1BB603002A1CB2 /* NewsReader.app */,
				3A726A581C1BB603002A1CB2 /* NewsReaderTests.xctest */,
				3A726A631C1BB603002A1CB2 /* NewsReaderUITests.xctest */,
			);
			name = Products;
			sourceTree = "<group>";
		};
		3A726A431C1BB603002A1CB2 /* NewsReader */ = {
			isa = PBXGroup;
			children = (
				3A726A441C1BB603002A1CB2 /* AppDelegate.swift */,
				3A726A461C1BB603002A1CB2 /* ViewController.swift */,
				3A726A481C1BB603002A1CB2 /* Main.storyboard */,
				3A726A4E1C1BB603002A1CB2 /* Assets.xcassets */,
				3A726A501C1BB603002A1CB2 /* LaunchScreen.storyboard */,
				3A726A531C1BB603002A1CB2 /* Info.plist */,
				3A726A4B1C1BB603002A1CB2 /* NewsReader.xcdatamodeld */,
			);
			path = NewsReader;
			sourceTree = "<group>";
		};
		3A726A5B1C1BB603002A1CB2 /* NewsReaderTests */ = {
			isa = PBXGroup;
			children = (
				3A726A5C1C1BB603002A1CB2 /* NewsReaderTests.swift */,
				3A726A5E1C1BB603002A1CB2 /* Info.plist */,
			);
			path = NewsReaderTests;
			sourceTree = "<group>";
		};
		3A726A661C1BB603002A1CB2 /* NewsReaderUITests */ = {
			isa = PBXGroup;
			children = (
				3A726A671C1BB603002A1CB2 /* NewsReaderUITests.swift */,
				3A726A691C1BB603002A1CB2 /* Info.plist */,
			);
			path = NewsReaderUITests;
			sourceTree = "<group>";
		};
/* End PBXGroup section */

/* Begin PBXNativeTarget section */
		3A726A401C1BB603002A1CB2 /* NewsReader */ = {
			isa = PBXNativeTarget;
			buildConfigurationList = 3A726A6C1C1BB603002A1CB2 /* Build configuration list for PBXNativeTarget "NewsReader" */;
			buildPhases = (
				3A726A3D1C1BB603002A1CB2 /* Sources */,
				3A726A3E1C1BB603002A1CB2 /* Frameworks */,
				3A726A3F1C1BB603002A1CB2 /* Resources */,
			);
			buildRules = (
			);
			dependencies = (
			);
			name = NewsReader;
			productName = NewsReader;
			productReference = 3A726A411C1BB603002A1CB2 /* NewsReader.app */;
			productType = "com.apple.product-type.application";
		};
		3A726A571C1BB603002A1CB2 /* NewsReaderTests */ = {
			isa = PBXNativeTarget;
			buildConfigurationList = 3A726A6F1C1BB603002A1CB2 /* Build configuration list for PBXNativeTarget "NewsReaderTests" */;
			buildPhases = (
				3A726A541C1BB603002A1CB2 /* Sources */,
				3A726A551C1BB603002A1CB2 /* Frameworks */,
				3A726A561C1BB603002A1CB2 /* Resources */,
			);
			buildRules = (
			);
			dependencies = (
				3A726A5A1C1BB603002A1CB2 /* PBXTargetDependency */,
			);
			name = NewsReaderTests;
			productName = NewsReaderTests;
			productReference = 3A726A581C1BB603002A1CB2 /* NewsReaderTests.xctest */;
			productType = "com.apple.product-type.bundle.unit-test";
		};
		3A726A621C1BB603002A1CB2 /* NewsReaderUITests */ = {
			isa = PBXNativeTarget;
			buildConfigurationList = 3A726A721C1BB603002A1CB2 /* Build configuration list for PBXNativeTarget "NewsReaderUITests" */;
			buildPhases = (
				3A726A5F1C1BB603002A1CB2 /* Sources */,
				3A726A601C1BB603002A1CB2 /* Frameworks */,
				3A726A611C1BB603002A1CB2 /* Resources */,
			);
			buildRules = (
			);
			dependencies = (
				3A726A651C1BB603002A1CB2 /* PBXTargetDependency */,
			);
			name = NewsReaderUITests;
			productName = NewsReaderUITests;
			productReference = 3A726A631C1BB603002A1CB2 /* NewsReaderUITests.xctest */;
			productType = "com.apple.product-type.bundle.ui-testing";
		};
/* End PBXNativeTarget section */

/* Begin PBXProject section */
		3A726A391C1BB603002A1CB2 /* Project object */ = {
			isa = PBXProject;
			attributes = {
				LastSwiftUpdateCheck = 0720;
				LastUpgradeCheck = 0720;
				ORGANIZATIONNAME = "Phil Henson";
				TargetAttributes = {
					3A726A401C1BB603002A1CB2 = {
						CreatedOnToolsVersion = 7.2;
					};
					3A726A571C1BB603002A1CB2 = {
						CreatedOnToolsVersion = 7.2;
						TestTargetID = 3A726A401C1BB603002A1CB2;
					};
					3A726A621C1BB603002A1CB2 = {
						CreatedOnToolsVersion = 7.2;
						TestTargetID = 3A726A401C1BB603002A1CB2;
					};
				};
			};
			buildConfigurationList = 3A726A3C1C1BB603002A1CB2 /* Build configuration list for PBXProject "NewsReader" */;
			compatibilityVersion = "Xcode 3.2";
			developmentRegion = English;
			hasScannedForEncodings = 0;
			knownRegions = (
				en,
				Base,
			);
			mainGroup = 3A726A381C1BB603002A1CB2;
			productRefGroup = 3A726A421C1BB603002A1CB2 /* Products */;
			projectDirPath = "";
			projectRoot = "";
			targets = (
				3A726A401C1BB603002A1CB2 /* NewsReader */,
				3A726A571C1BB603002A1CB2 /* NewsReaderTests */,
				3A726A621C1BB603002A1CB2 /* NewsReaderUITests */,
			);
		};
/* End PBXProject section */

/* Begin PBXResourcesBuildPhase section */
		3A726A3F1C1BB603002A1CB2 /* Resources */ = {
			isa = PBXResourcesBuildPhase;
			buildActionMask = 2147483647;
			files = (
				3A726A521C1BB603002A1CB2 /* LaunchScreen.storyboard in Resources */,
				3A726A4F1C1BB603002A1CB2 /* Assets.xcassets in Resources */,
				3A726A4A1C1BB603002A1CB2 /* Main.storyboard in Resources */,
			);
			runOnlyForDeploymentPostprocessing = 0;
		};
		3A726A561C1BB603002A1CB2 /* Resources */ = {
			isa = PBXResourcesBuildPhase;
			buildActionMask = 2147483647;
			files = (
			);
			runOnlyForDeploymentPostprocessing = 0;
		};
		3A726A611C1BB603002A1CB2 /* Resources */ = {
			isa = PBXResourcesBuildPhase;
			buildActionMask = 2147483647;
			files = (
			);
			runOnlyForDeploymentPostprocessing = 0;
		};
/* End PBXResourcesBuildPhase section */

/* Begin PBXSourcesBuildPhase section */
		3A726A3D1C1BB603002A1CB2 /* Sources */ = {
			isa = PBXSourcesBuildPhase;
			buildActionMask = 2147483647;
			files = (
				3A726A4D1C1BB603002A1CB2 /* NewsReader.xcdatamodeld in Sources */,
				3A726A471C1BB603002A1CB2 /* ViewController.swift in Sources */,
				3A726A451C1BB603002A1CB2 /* AppDelegate.swift in Sources */,
			);
			runOnlyForDeploymentPostprocessing = 0;
		};
		3A726A541C1BB603002A1CB2 /* Sources */ = {
			isa = PBXSourcesBuildPhase;
			buildActionMask = 2147483647;
			files = (
				3A726A5D1C1BB603002A1CB2 /* NewsReaderTests.swift in Sources */,
			);
			runOnlyForDeploymentPostprocessing = 0;
		};
		3A726A5F1C1BB603002A1CB2 /* Sources */ = {
			isa = PBXSourcesBuildPhase;
			buildActionMask = 2147483647;
			files = (
				3A726A681C1BB603002A1CB2 /* NewsReaderUITests.swift in Sources */,
			);
			runOnlyForDeploymentPostprocessing = 0;
		};
/* End PBXSourcesBuildPhase section */

/* Begin PBXTargetDependency section */
		3A726A5A1C1BB603002A1CB2 /* PBXTargetDependency */ = {
			isa = PBXTargetDependency;
			target = 3A726A401C1BB603002A1CB2 /* NewsReader */;
			targetProxy = 3A726A591C1BB603002A1CB2 /* PBXContainerItemProxy */;
		};
		3A726A651C1BB603002A1CB2 /* PBXTargetDependency */ = {
			isa = PBXTargetDependency;
			target = 3A726A401C1BB603002A1CB2 /* NewsReader */;
			targetProxy = 3A726A641C1BB603002A1CB2 /* PBXContainerItemProxy */;
		};
/* End PBXTargetDependency section */

/* Begin PBXVariantGroup section */
		3A726A481C1BB603002A1CB2 /* Main.storyboard */ = {
			isa = PBXVariantGroup;
			children = (
				3A726A491C1BB603002A1CB2 /* Base */,
			);
			name = Main.storyboard;
			sourceTree = "<group>";
		};
		3A726A501C1BB603002A1CB2 /* LaunchScreen.storyboard */ = {
			isa = PBXVariantGroup;
			children = (
				3A726A511C1BB603002A1CB2 /* Base */,
			);
			name = LaunchScreen.storyboard;
			sourceTree = "<group>";
		};
/* End PBXVariantGroup section */

/* Begin XCBuildConfiguration section */
		3A726A6A1C1BB603002A1CB2 /* Debug */ = {
			isa = XCBuildConfiguration;
			buildSettings = {
				ALWAYS_SEARCH_USER_PATHS = NO;
				CLANG_CXX_LANGUAGE_STANDARD = "gnu++0x";
				CLANG_CXX_LIBRARY = "libc++";
				CLANG_ENABLE_MODULES = YES;
				CLANG_ENABLE_OBJC_ARC = YES;
				CLANG_WARN_BOOL_CONVERSION = YES;
				CLANG_WARN_CONSTANT_CONVERSION = YES;
				CLANG_WARN_DIRECT_OBJC_ISA_USAGE = YES_ERROR;
				CLANG_WARN_EMPTY_BODY = YES;
				CLANG_WARN_ENUM_CONVERSION = YES;
				CLANG_WARN_INT_CONVERSION = YES;
				CLANG_WARN_OBJC_ROOT_CLASS = YES_ERROR;
				CLANG_WARN_UNREACHABLE_CODE = YES;
				CLANG_WARN__DUPLICATE_METHOD_MATCH = YES;
				"CODE_SIGN_IDENTITY[sdk=iphoneos*]" = "iPhone Developer";
				COPY_PHASE_STRIP = NO;
				DEBUG_INFORMATION_FORMAT = dwarf;
				ENABLE_STRICT_OBJC_MSGSEND = YES;
				ENABLE_TESTABILITY = YES;
				GCC_C_LANGUAGE_STANDARD = gnu99;
				GCC_DYNAMIC_NO_PIC = NO;
				GCC_NO_COMMON_BLOCKS = YES;
				GCC_OPTIMIZATION_LEVEL = 0;
				GCC_PREPROCESSOR_DEFINITIONS = (
					"DEBUG=1",
					"$(inherited)",
				);
				GCC_WARN_64_TO_32_BIT_CONVERSION = YES;
				GCC_WARN_ABOUT_RETURN_TYPE = YES_ERROR;
				GCC_WARN_UNDECLARED_SELECTOR = YES;
				GCC_WARN_UNINITIALIZED_AUTOS = YES_AGGRESSIVE;
				GCC_WARN_UNUSED_FUNCTION = YES;
				GCC_WARN_UNUSED_VARIABLE = YES;
				IPHONEOS_DEPLOYMENT_TARGET = 9.2;
				MTL_ENABLE_DEBUG_INFO = YES;
				ONLY_ACTIVE_ARCH = YES;
				SDKROOT = iphoneos;
				SWIFT_OPTIMIZATION_LEVEL = "-Onone";
				TARGETED_DEVICE_FAMILY = "1,2";
			};
			name = Debug;
		};
		3A726A6B1C1BB603002A1CB2 /* Release */ = {
			isa = XCBuildConfiguration;
			buildSettings = {
				ALWAYS_SEARCH_USER_PATHS = NO;
				CLANG_CXX_LANGUAGE_STANDARD = "gnu++0x";
				CLANG_CXX_LIBRARY = "libc++";
				CLANG_ENABLE_MODULES = YES;
				CLANG_ENABLE_OBJC_ARC = YES;
				CLANG_WARN_BOOL_CONVERSION = YES;
				CLANG_WARN_CONSTANT_CONVERSION = YES;
				CLANG_WARN_DIRECT_OBJC_ISA_USAGE = YES_ERROR;
				CLANG_WARN_EMPTY_BODY = YES;
				CLANG_WARN_ENUM_CONVERSION = YES;
				CLANG_WARN_INT_CONVERSION = YES;
				CLANG_WARN_OBJC_ROOT_CLASS = YES_ERROR;
				CLANG_WARN_UNREACHABLE_CODE = YES;
				CLANG_WARN__DUPLICATE_METHOD_MATCH = YES;
				"CODE_SIGN_IDENTITY[sdk=iphoneos*]" = "iPhone Developer";
				COPY_PHASE_STRIP = NO;
				DEBUG_INFORMATION_FORMAT = "dwarf-with-dsym";
				ENABLE_NS_ASSERTIONS = NO;
				ENABLE_STRICT_OBJC_MSGSEND = YES;
				GCC_C_LANGUAGE_STANDARD = gnu99;
				GCC_NO_COMMON_BLOCKS = YES;
				GCC_WARN_64_TO_32_BIT_CONVERSION = YES;
				GCC_WARN_ABOUT_RETURN_TYPE = YES_ERROR;
				GCC_WARN_UNDECLARED_SELECTOR = YES;
				GCC_WARN_UNINITIALIZED_AUTOS = YES_AGGRESSIVE;
				GCC_WARN_UNUSED_FUNCTION = YES;
				GCC_WARN_UNUSED_VARIABLE = YES;
				IPHONEOS_DEPLOYMENT_TARGET = 9.2;
				MTL_ENABLE_DEBUG_INFO = NO;
				SDKROOT = iphoneos;
				TARGETED_DEVICE_FAMILY = "1,2";
				VALIDATE_PRODUCT = YES;
			};
			name = Release;
		};
		3A726A6D1C1BB603002A1CB2 /* Debug */ = {
			isa = XCBuildConfiguration;
			buildSettings = {
				ASSETCATALOG_COMPILER_APPICON_NAME = AppIcon;
				INFOPLIST_FILE = NewsReader/Info.plist;
				LD_RUNPATH_SEARCH_PATHS = "$(inherited) @executable_path/Frameworks";
				PRODUCT_BUNDLE_IDENTIFIER = com.henson.NewsReader;
				PRODUCT_NAME = "$(TARGET_NAME)";
			};
			name = Debug;
		};
		3A726A6E1C1BB603002A1CB2 /* Release */ = {
			isa = XCBuildConfiguration;
			buildSettings = {
				ASSETCATALOG_COMPILER_APPICON_NAME = AppIcon;
				INFOPLIST_FILE = NewsReader/Info.plist;
				LD_RUNPATH_SEARCH_PATHS = "$(inherited) @executable_path/Frameworks";
				PRODUCT_BUNDLE_IDENTIFIER = com.henson.NewsReader;
				PRODUCT_NAME = "$(TARGET_NAME)";
			};
			name = Release;
		};
		3A726A701C1BB603002A1CB2 /* Debug */ = {
			isa = XCBuildConfiguration;
			buildSettings = {
				BUNDLE_LOADER = "$(TEST_HOST)";
				INFOPLIST_FILE = NewsReaderTests/Info.plist;
				LD_RUNPATH_SEARCH_PATHS = "$(inherited) @executable_path/Frameworks @loader_path/Frameworks";
				PRODUCT_BUNDLE_IDENTIFIER = com.henson.NewsReaderTests;
				PRODUCT_NAME = "$(TARGET_NAME)";
				TEST_HOST = "$(BUILT_PRODUCTS_DIR)/NewsReader.app/NewsReader";
			};
			name = Debug;
		};
		3A726A711C1BB603002A1CB2 /* Release */ = {
			isa = XCBuildConfiguration;
			buildSettings = {
				BUNDLE_LOADER = "$(TEST_HOST)";
				INFOPLIST_FILE = NewsReaderTests/Info.plist;
				LD_RUNPATH_SEARCH_PATHS = "$(inherited) @executable_path/Frameworks @loader_path/Frameworks";
				PRODUCT_BUNDLE_IDENTIFIER = com.henson.NewsReaderTests;
				PRODUCT_NAME = "$(TARGET_NAME)";
				TEST_HOST = "$(BUILT_PRODUCTS_DIR)/NewsReader.app/NewsReader";
			};
			name = Release;
		};
		3A726A731C1BB603002A1CB2 /* Debug */ = {
			isa = XCBuildConfiguration;
			buildSettings = {
				INFOPLIST_FILE = NewsReaderUITests/Info.plist;
				LD_RUNPATH_SEARCH_PATHS = "$(inherited) @executable_path/Frameworks @loader_path/Frameworks";
				PRODUCT_BUNDLE_IDENTIFIER = com.henson.NewsReaderUITests;
				PRODUCT_NAME = "$(TARGET_NAME)";
				TEST_TARGET_NAME = NewsReader;
				USES_XCTRUNNER = YES;
			};
			name = Debug;
		};
		3A726A741C1BB603002A1CB2 /* Release */ = {
			isa = XCBuildConfiguration;
			buildSettings = {
				INFOPLIST_FILE = NewsReaderUITests/Info.plist;
				LD_RUNPATH_SEARCH_PATHS = "$(inherited) @executable_path/Frameworks @loader_path/Frameworks";
				PRODUCT_BUNDLE_IDENTIFIER = com.henson.NewsReaderUITests;
				PRODUCT_NAME = "$(TARGET_NAME)";
				TEST_TARGET_NAME = NewsReader;
				USES_XCTRUNNER = YES;
			};
			name = Release;
		};
/* End XCBuildConfiguration section */

/* Begin XCConfigurationList section */
		3A726A3C1C1BB603002A1CB2 /* Build configuration list for PBXProject "NewsReader" */ = {
			isa = XCConfigurationList;
			buildConfigurations = (
				3A726A6A1C1BB603002A1CB2 /* Debug */,
				3A726A6B1C1BB603002A1CB2 /* Release */,
			);
			defaultConfigurationIsVisible = 0;
			defaultConfigurationName = Release;
		};
		3A726A6C1C1BB603002A1CB2 /* Build configuration list for PBXNativeTarget "NewsReader" */ = {
			isa = XCConfigurationList;
			buildConfigurations = (
				3A726A6D1C1BB603002A1CB2 /* Debug */,
				3A726A6E1C1BB603002A1CB2 /* Release */,
			);
			defaultConfigurationIsVisible = 0;
		};
		3A726A6F1C1BB603002A1CB2 /* Build configuration list for PBXNativeTarget "NewsReaderTests" */ = {
			isa = XCConfigurationList;
			buildConfigurations = (
				3A726A701C1BB603002A1CB2 /* Debug */,
				3A726A711C1BB603002A1CB2 /* Release */,
			);
			defaultConfigurationIsVisible = 0;
		};
		3A726A721C1BB603002A1CB2 /* Build configuration list for PBXNativeTarget "NewsReaderUITests" */ = {
			isa = XCConfigurationList;
			buildConfigurations = (
				3A726A731C1BB603002A1CB2 /* Debug */,
				3A726A741C1BB603002A1CB2 /* Release */,
			);
			defaultConfigurationIsVisible = 0;
		};
/* End XCConfigurationList section */

/* Begin XCVersionGroup section */
		3A726A4B1C1BB603002A1CB2 /* NewsReader.xcdatamodeld */ = {
			isa = XCVersionGroup;
			children = (
				3A726A4C1C1BB603002A1CB2 /* NewsReader.xcdatamodel */,
			);
			currentVersion = 3A726A4C1C1BB603002A1CB2 /* NewsReader.xcdatamodel */;
			path = NewsReader.xcdatamodeld;
			sourceTree = "<group>";
			versionGroupType = wrapper.xcdatamodel;
		};
/* End XCVersionGroup section */
	};
	rootObject = 3A726A391C1BB603002A1CB2 /* Project object */;
}
